github.com/naranza/bagolo v1.2025.1 h1:6X5yYTWPa/KdTQtNhwoKi+WvUhv65WTuEhviIvXs+h8=
github.com/naranza/bagolo v1.2025.1/go.mod h1:50gDE59h+c3br73+XTWK0xTAs2y7Zt+JvFrax0KJDuI=
github.com/naranza/bagolo v1.2025.2 h1:q03uhQXaDTkEuIe3FZJ43dUMftYPdEkvfvAtKqMrXME=
github.com/naranza/bagolo v1.2025.2/go.mod h1:50gDE59h+c3br73+XTWK0xTAs2y7Zt+JvFrax0KJDuI=
github.com/naranza/cogo v1.2025.2 h1:uvnYt4cJH65TsgagNE2JOnyAM/jqnrzI0zYcJ4n+gVs=
github.com/naranza/cogo v1.2025.2/go.mod h1:QKBdPYrWOfiEhHx86GVg9NU/js5RltrgTWNpV7VL984=
